
Microsoft Visual Studio Solution File, Format Version 12.00
# Visual Studio 15
VisualStudioVersion = 15.0.28307.489
MinimumVisualStudioVersion = 10.0.40219.1
Project("{FAE04EC0-301F-11D3-BF4B-00C04F79EFBC}") = "PMS", "PMS\PMS.csproj", "{AF356824-B7F7-4684-9C74-E3E92EDAE7EA}"
EndProject
Project("{FAE04EC0-301F-11D3-BF4B-00C04F79EFBC}") = "PMS_DAL", "PMS_DAL\PMS_DAL.csproj", "{B5C0587A-7938-450F-85E1-701AA0E33B05}"
EndProject
Project("{FAE04EC0-301F-11D3-BF4B-00C04F79EFBC}") = "PMS_Client", "PMS_Client\PMS_Client.csproj", "{3F745F41-6FD3-4FCA-A54C-1887270F5CBE}"
EndProject
Global
	GlobalSection(SolutionConfigurationPlatforms) = preSolution
		Debug|Any CPU = Debug|Any CPU
		Release|Any CPU = Release|Any CPU
	EndGlobalSection
	GlobalSection(ProjectConfigurationPlatforms) = postSolution
		{AF356824-B7F7-4684-9C74-E3E92EDAE7EA}.Debug|Any CPU.ActiveCfg = Debug|Any CPU
		{AF356824-B7F7-4684-9C74-E3E92EDAE7EA}.Debug|Any CPU.Build.0 = Debug|Any CPU
		{AF356824-B7F7-4684-9C74-E3E92EDAE7EA}.Release|Any CPU.ActiveCfg = Release|Any CPU
		{AF356824-B7F7-4684-9C74-E3E92EDAE7EA}.Release|Any CPU.Build.0 = Release|Any CPU
		{B5C0587A-7938-450F-85E1-701AA0E33B05}.Debug|Any CPU.ActiveCfg = Debug|Any CPU
		{B5C0587A-7938-450F-85E1-701AA0E33B05}.Debug|Any CPU.Build.0 = Debug|Any CPU
		{B5C0587A-7938-450F-85E1-701AA0E33B05}.Release|Any CPU.ActiveCfg = Release|Any CPU
		{B5C0587A-7938-450F-85E1-701AA0E33B05}.Release|Any CPU.Build.0 = Release|Any CPU
		{3F745F41-6FD3-4FCA-A54C-1887270F5CBE}.Debug|Any CPU.ActiveCfg = Debug|Any CPU
		{3F745F41-6FD3-4FCA-A54C-1887270F5CBE}.Debug|Any CPU.Build.0 = Debug|Any CPU
		{3F745F41-6FD3-4FCA-A54C-1887270F5CBE}.Release|Any CPU.ActiveCfg = Release|Any CPU
		{3F745F41-6FD3-4FCA-A54C-1887270F5CBE}.Release|Any CPU.Build.0 = Release|Any CPU
	EndGlobalSection
	GlobalSection(SolutionProperties) = preSolution
		HideSolutionNode = FALSE
	EndGlobalSection
	GlobalSection(ExtensibilityGlobals) = postSolution
		SolutionGuid = {BC5F1506-655F-4059-877E-6EE0781EE2BB}
	EndGlobalSection
EndGlobal
